# THIS IS AN AUTOGENERATED FILE. DO NOT EDIT THIS FILE DIRECTLY.
# yarn lockfile v1


midievents@^1.0.1:
  version "1.0.1"
  resolved "https://registry.yarnpkg.com/midievents/-/midievents-1.0.1.tgz#f7c8ba7efb657f2c3bc80c2cbd19117234d2cc52"

midifile@^1.0.4:
  version "1.0.4"
  resolved "https://registry.yarnpkg.com/midifile/-/midifile-1.0.4.tgz#6fe16589967c11eb48ba4cbe25d5755d8c61c10b"
  dependencies:
    midievents "^1.0.1"
    utf-8 "^1.0.0"

string.fromcodepoint@^0.2.1:
  version "0.2.1"
  resolved "https://registry.yarnpkg.com/string.fromcodepoint/-/string.fromcodepoint-0.2.1.tgz#8d978333c0bc92538f50f383e4888f3e5619d653"

string.prototype.codepointat@^0.2.0:
  version "0.2.0"
  resolved "https://registry.yarnpkg.com/string.prototype.codepointat/-/string.prototype.codepointat-0.2.0.tgz#6b26e9bd3afcaa7be3b4269b526de1b82000ac78"

utf-8@^1.0.0:
  version "1.0.0"
  resolved "https://registry.yarnpkg.com/utf-8/-/utf-8-1.0.0.tgz#429c09fb1ac32cebaf565961eda48cb3f4522197"
  dependencies:
    string.fromcodepoint "^0.2.1"
    string.prototype.codepointat "^0.2.0"
